
Microsoft Visual Studio Solution File, Format Version 12.00
# Visual Studio Version 16
VisualStudioVersion = 16.0.31515.178
MinimumVisualStudioVersion = 10.0.40219.1
Project("{FAE04EC0-301F-11D3-BF4B-00C04F79EFBC}") = "OOPGeometry", "OOPGeometry.csproj", "{A1BC8369-FC28-4A4B-B924-FBFF39C1F9FA}"
EndProject
Global
	GlobalSection(SolutionConfigurationPlatforms) = preSolution
		Debug|Any CPU = Debug|Any CPU
		Release|Any CPU = Release|Any CPU
	EndGlobalSection
	GlobalSection(ProjectConfigurationPlatforms) = postSolution
		{A1BC8369-FC28-4A4B-B924-FBFF39C1F9FA}.Debug|Any CPU.ActiveCfg = Debug|Any CPU
		{A1BC8369-FC28-4A4B-B924-FBFF39C1F9FA}.Debug|Any CPU.Build.0 = Debug|Any CPU
		{A1BC8369-FC28-4A4B-B924-FBFF39C1F9FA}.Release|Any CPU.ActiveCfg = Release|Any CPU
		{A1BC8369-FC28-4A4B-B924-FBFF39C1F9FA}.Release|Any CPU.Build.0 = Release|Any CPU
	EndGlobalSection
	GlobalSection(SolutionProperties) = preSolution
		HideSolutionNode = FALSE
	EndGlobalSection
	GlobalSection(ExtensibilityGlobals) = postSolution
		SolutionGuid = {DB06103E-8060-4666-8794-F6620F709F21}
	EndGlobalSection
EndGlobal
