
Microsoft Visual Studio Solution File, Format Version 12.00
# Visual Studio Version 16
VisualStudioVersion = 16.0.31515.178
MinimumVisualStudioVersion = 10.0.40219.1
Project("{FAE04EC0-301F-11D3-BF4B-00C04F79EFBC}") = "OOPQueue", "OOPQueue.csproj", "{B2BED9D7-22EA-402B-A618-AFEBD2C6C5AE}"
EndProject
Global
	GlobalSection(SolutionConfigurationPlatforms) = preSolution
		Debug|Any CPU = Debug|Any CPU
		Release|Any CPU = Release|Any CPU
	EndGlobalSection
	GlobalSection(ProjectConfigurationPlatforms) = postSolution
		{B2BED9D7-22EA-402B-A618-AFEBD2C6C5AE}.Debug|Any CPU.ActiveCfg = Debug|Any CPU
		{B2BED9D7-22EA-402B-A618-AFEBD2C6C5AE}.Debug|Any CPU.Build.0 = Debug|Any CPU
		{B2BED9D7-22EA-402B-A618-AFEBD2C6C5AE}.Release|Any CPU.ActiveCfg = Release|Any CPU
		{B2BED9D7-22EA-402B-A618-AFEBD2C6C5AE}.Release|Any CPU.Build.0 = Release|Any CPU
	EndGlobalSection
	GlobalSection(SolutionProperties) = preSolution
		HideSolutionNode = FALSE
	EndGlobalSection
	GlobalSection(ExtensibilityGlobals) = postSolution
		SolutionGuid = {05FF9FF4-B8F4-41B8-A04B-7C2BF98089EB}
	EndGlobalSection
EndGlobal
