
Microsoft Visual Studio Solution File, Format Version 12.00
# Visual Studio Version 16
VisualStudioVersion = 16.0.31515.178
MinimumVisualStudioVersion = 10.0.40219.1
Project("{FAE04EC0-301F-11D3-BF4B-00C04F79EFBC}") = "OOPLibrary", "OOPLibrary.csproj", "{9CC7F637-5E54-40F5-9E48-EB2BF401D13F}"
EndProject
Global
	GlobalSection(SolutionConfigurationPlatforms) = preSolution
		Debug|Any CPU = Debug|Any CPU
		Release|Any CPU = Release|Any CPU
	EndGlobalSection
	GlobalSection(ProjectConfigurationPlatforms) = postSolution
		{9CC7F637-5E54-40F5-9E48-EB2BF401D13F}.Debug|Any CPU.ActiveCfg = Debug|Any CPU
		{9CC7F637-5E54-40F5-9E48-EB2BF401D13F}.Debug|Any CPU.Build.0 = Debug|Any CPU
		{9CC7F637-5E54-40F5-9E48-EB2BF401D13F}.Release|Any CPU.ActiveCfg = Release|Any CPU
		{9CC7F637-5E54-40F5-9E48-EB2BF401D13F}.Release|Any CPU.Build.0 = Release|Any CPU
	EndGlobalSection
	GlobalSection(SolutionProperties) = preSolution
		HideSolutionNode = FALSE
	EndGlobalSection
	GlobalSection(ExtensibilityGlobals) = postSolution
		SolutionGuid = {AC96D12F-79B8-4021-BA0A-05FFFB346AA5}
	EndGlobalSection
EndGlobal
